
Microsoft Visual Studio Solution File, Format Version 12.00
# Visual Studio Version 17
VisualStudioVersion = 17.5.33627.172
MinimumVisualStudioVersion = 10.0.40219.1
Project("{9A19103F-16F7-4668-BE54-9A1E7A4F7556}") = "WpfAppForModbus", "WpfAppForModbus\WpfAppForModbus.csproj", "{4C8BE6A4-9530-44B4-9973-B061BEDD3050}"
EndProject
Global
	GlobalSection(SolutionConfigurationPlatforms) = preSolution
		Debug|Any CPU = Debug|Any CPU
		Release|Any CPU = Release|Any CPU
	EndGlobalSection
	GlobalSection(ProjectConfigurationPlatforms) = postSolution
		{4C8BE6A4-9530-44B4-9973-B061BEDD3050}.Debug|Any CPU.ActiveCfg = Debug|Any CPU
		{4C8BE6A4-9530-44B4-9973-B061BEDD3050}.Debug|Any CPU.Build.0 = Debug|Any CPU
		{4C8BE6A4-9530-44B4-9973-B061BEDD3050}.Release|Any CPU.ActiveCfg = Release|Any CPU
		{4C8BE6A4-9530-44B4-9973-B061BEDD3050}.Release|Any CPU.Build.0 = Release|Any CPU
	EndGlobalSection
	GlobalSection(SolutionProperties) = preSolution
		HideSolutionNode = FALSE
	EndGlobalSection
	GlobalSection(ExtensibilityGlobals) = postSolution
		SolutionGuid = {4C4CCF9B-35AD-4F8E-9E3C-A34F69CC26F8}
	EndGlobalSection
EndGlobal
